{
  "requires": true,
  "lockfileVersion": 1,
  "dependencies": {
    "air-datepicker": {
      "version": "2.2.3",
      "resolved": "https://registry.npmjs.org/air-datepicker/-/air-datepicker-2.2.3.tgz",
      "integrity": "sha1-nbtrxryMnZ2zgEdQkTcNrYLC94c=",
      "requires": {
        "jquery": ">=2.0.0 <4.0.0"
      }
    },
    "inputmask": {
      "version": "5.0.4-beta.33",
      "resolved": "https://registry.npmjs.org/inputmask/-/inputmask-5.0.4-beta.33.tgz",
      "integrity": "sha512-pet97YhTOkZcDBXmbKPPjW7xC1EziSkEWIyBZhqPehg5lhDVG7lBWG6trxoTCinX+AxEzdTN6M/Ujj/uA9/TOg=="
    },
    "jquery": {
      "version": "3.5.1",
      "resolved": "https://registry.npmjs.org/jquery/-/jquery-3.5.1.tgz",
      "integrity": "sha512-XwIBPqcMn57FxfT+Go5pzySnm4KWkT1Tv7gjrpT1srtf8Weynl6R273VJ5GjkRb51IzMp5nbaPjJXMWeju2MKg=="
    }
  }
}
